PODS:
  - AFNetworking (2.5.2):
    - AFNetworking/NSURLConnection (= 2.5.2)
    - AFNetworking/NSURLSession (= 2.5.2)
    - AFNetworking/Reachability (= 2.5.2)
    - AFNetworking/Security (= 2.5.2)
    - AFNetworking/Serialization (= 2.5.2)
    - AFNetworking/UIKit (= 2.5.2)
  - AFNetworking/NSURLConnection (2.5.2):
    - AFNetworking/Reachability
    - AFNetworking/Security
    - AFNetworking/Serialization
  - AFNetworking/NSURLSession (2.5.2):
    - AFNetworking/Reachability
    - AFNetworking/Security
    - AFNetworking/Serialization
  - AFNetworking/Reachability (2.5.2)
  - AFNetworking/Security (2.5.2)
  - AFNetworking/Serialization (2.5.2)
  - AFNetworking/UIKit (2.5.2):
    - AFNetworking/NSURLConnection
    - AFNetworking/NSURLSession
  - Expecta (0.3.1)
  - Mantle (1.5.4):
    - Mantle/extobjc (= 1.5.4)
  - Mantle/extobjc (1.5.4)
  - RedditKit (1.4.0):
    - AFNetworking (~> 2.4)
    - Mantle (~> 1.5)
  - Specta (0.4.0)

DEPENDENCIES:
  - Expecta (~> 0.3)
  - RedditKit (from `../`)
  - Specta (~> 0.4)

EXTERNAL SOURCES:
  RedditKit:
    :path: ../

SPEC CHECKSUMS:
  AFNetworking: fefbce9660acb17f48ae0011292d4da0f457bf36
  Expecta: a354d4633409dd9fe8c4f5ff5130426adbe31628
  Mantle: 60acd0cd363e27d945bda0a6b8e90577112d28f3
  RedditKit: b7310047b97c4ec40cd32c8380ad441b1d901a73
  Specta: a353759f073ffcc0a365b782fe4aaeac064c03c6

COCOAPODS: 0.35.0
